
Microsoft Visual Studio Solution File, Format Version 12.00
# Visual Studio 15
VisualStudioVersion = 15.0.28307.2017
MinimumVisualStudioVersion = 10.0.40219.1
Project("{FAE04EC0-301F-11D3-BF4B-00C04F79EFBC}") = "Associative_Arrays", "Associative_Arrays\Associative_Arrays.csproj", "{A42A94F8-CFA0-4929-AA5E-A9A3739A56E3}"
EndProject
Global
	GlobalSection(SolutionConfigurationPlatforms) = preSolution
		Debug|Any CPU = Debug|Any CPU
		Release|Any CPU = Release|Any CPU
	EndGlobalSection
	GlobalSection(ProjectConfigurationPlatforms) = postSolution
		{A42A94F8-CFA0-4929-AA5E-A9A3739A56E3}.Debug|Any CPU.ActiveCfg = Debug|Any CPU
		{A42A94F8-CFA0-4929-AA5E-A9A3739A56E3}.Debug|Any CPU.Build.0 = Debug|Any CPU
		{A42A94F8-CFA0-4929-AA5E-A9A3739A56E3}.Release|Any CPU.ActiveCfg = Release|Any CPU
		{A42A94F8-CFA0-4929-AA5E-A9A3739A56E3}.Release|Any CPU.Build.0 = Release|Any CPU
	EndGlobalSection
	GlobalSection(SolutionProperties) = preSolution
		HideSolutionNode = FALSE
	EndGlobalSection
	GlobalSection(ExtensibilityGlobals) = postSolution
		SolutionGuid = {D1124E4B-022F-4F2B-A340-A975BA73E7B6}
	EndGlobalSection
EndGlobal
